version = 1
revision = 3
requires-python = ">=3.12"

[[package]]
name = "brickmesh-checks"
version = "0.1.0"
source = { virtual = "." }

[package.dev-dependencies]
dev = [
    { name = "prek" },
    { name = "ruff" },
]
test = [
    { name = "lupa" },
    { name = "pytest" },
]

[package.metadata]

[package.metadata.requires-dev]
dev = [
    { name = "prek", specifier = ">=0.2.0,<0.3" },
    { name = "ruff", specifier = ">=0.9.4" },
]
test = [
    { name = "lupa", specifier = ">=2.0" },
    { name = "pytest", specifier = ">=8.0" },
]

[[package]]
name = "colorama"
version = "0.4.6"
source = { registry = "https://pypi.org/simple" }
sdist = { url = "https://files.pythonhosted.org/packages/d8/53/6f443c9a4a8358a93a6792e2acffb9d9d5cb0a5cfd8802644b7b1c9a02e4/colorama-0.4.6.tar.gz", hash = "sha256:08695f5cb7ed6e0531a20572697297273c47b8cae5a63ffc6d6ed5c201be6e44", size = 27697, upload-time = "2022-10-25T02:36:22.414Z" }
wheels = [
    { url = "https://files.pythonhosted.org/packages/d1/d6/3965ed04c63042e047cb6a3e6ed1a63a35087b6a609aa3a15ed8ac56c221/colorama-0.4.6-py2.py3-none-any.whl", hash = "sha256:4f1d9991f5acc0ca119f9d443620b77f9d6b33703e51011c16baf57afb285fc6", size = 25335, upload-time = "2022-10-25T02:36:20.889Z" },
]

[[package]]
name = "iniconfig"
version = "2.3.0"
source = { registry = "https://pypi.org/simple" }
sdist = { url = "https://files.pythonhosted.org/packages/72/34/14ca021ce8e5dfedc35312d08ba8bf51fdd999c576889fc2c24cb97f4f10/iniconfig-2.3.0.tar.gz", hash = "sha256:c76315c77db068650d49c5b56314774a7804df16fee4402c1f19d6d15d8c4730", size = 20503, upload-time = "2025-10-18T21:55:43.219Z" }
wheels = [
    { url = "https://files.pythonhosted.org/packages/cb/b1/3846dd7f199d53cb17f49cba7e651e9ce294d8497c8c150530ed11865bb8/iniconfig-2.3.0-py3-none-any.whl", hash = "sha256:f631c04d2c48c52b84d0d0549c99ff3859c98df65b3101406327ecc7d53fbf12", size = 7484, upload-time = "2025-10-18T21:55:41.639Z" },
]

[[package]]
name = "lupa"
version = "2.8"
source = { registry = "https://pypi.org/simple" }
sdist = { url = "https://files.pythonhosted.org/packages/c3/a6/0f869fbb07c393f15473b1eefefb7b5bec162fb7481803d040ed4dc46002/lupa-2.8.tar.gz", hash = "sha256:d8022641b9ec8ecf2c5ecbe9f47e5a70e0b87c4b5ae921b92cb02a638e0acd08", size = 6156370, upload-time = "2026-04-15T20:08:30.534Z" }
wheels = [
    { url = "https://files.pythonhosted.org/packages/09/21/9be4516ddd22f8eadba336d9ba065d17d79108465ae1b7f71424ab99b9d0/lupa-2.8-cp310-abi3-win32.whl", hash = "sha256:c2a5fd15dc62374e1661a55f01744c9ec1c56f291ba4a0749d3af2174556e78f", size = 1594887, upload-time = "2026-04-15T20:05:23.377Z" },
    { url = "https://files.pythonhosted.org/packages/2d/99/1557c9685d7034d9ce8dd2b54c40a26d6deb7c67c1fdb5c801abd1a02c3f/lupa-2.8-cp310-abi3-win_arm64.whl", hash = "sha256:9e304fb1c50cf23fd8882afbe1aa87525ef8a72667bcab3b37b2bbb2bc542269", size = 1371742, upload-time = "2026-04-15T20:05:27.417Z" },
    { url = "https://files.pythonhosted.org/packages/ad/0b/368f2f0bc750b25c69d4563e44f677925ab5dd3d2887f9b0c15465d21a2a/lupa-2.8-cp312-abi3-macosx_10_13_x86_64.whl", hash = "sha256:f4342f4de76ae7ce2ab0672d36003bdb7e1a33252f293b569298ddd792e70e33", size = 1194056, upload-time = "2026-04-15T20:05:55.794Z" },
    { url = "https://files.pythonhosted.org/packages/5b/0f/c89eb8dd36fdea4e50ae3f7f5275bea3b0cc5d4057b8ee7b3bbc78010422/lupa-2.8-cp312-abi3-manylinux2010_i686.manylinux_2_12_i686.manylinux_2_28_i686.whl", hash = "sha256:4203fa1659315e939a5304e75001b8cc14234fb3cbb3ed86c049b0cc5d90fcee", size = 1434278, upload-time = "2026-04-15T20:05:57.94Z" },
    { url = "https://files.pythonhosted.org/packages/47/30/c3b4d2cd8733621b404b8a4214e5f852955c4ba632546dc84123bea9ee89/lupa-2.8-cp312-abi3-manylinux2014_armv7l.manylinux_2_17_armv7l.manylinux_2_31_armv7l.whl", hash = "sha256:81f2d843ce668b653146c007467570210ae44be51dac6926666c51d49536f307", size = 1150068, upload-time = "2026-04-15T20:06:01.04Z" },
    { url = "https://files.pythonhosted.org/packages/8d/d2/bac12c398519efafc6af84be1974edd0d7a4895fb4735b5c8d615d298595/lupa-2.8-cp312-abi3-manylinux2014_ppc64le.manylinux_2_17_ppc64le.manylinux_2_28_ppc64le.whl", hash = "sha256:d3d0cde2c77588d1c60875a4f34f059513476c6e1775351897195b51e0f3df08", size = 1409532, upload-time = "2026-04-15T20:06:03.592Z" },
    { url = "https://files.pythonhosted.org/packages/9c/6a/18b52e11962014026e07813530b0b108ee8bc0a2a13ef0eaea5d41dce023/lupa-2.8-cp312-abi3-manylinux_2_34_riscv64.manylinux_2_39_riscv64.whl", hash = "sha256:9e0d11b8f3a8dac6413f704fef7161d048bb10c58bdac6cbffa5e60efa56e9a3", size = 1242687, upload-time = "2026-04-15T20:06:06.863Z" },
    { url = "https://files.pythonhosted.org/packages/b3/8e/7fd4eb049875f61429b96780d2eae4700f0e78fe0a52db8edb231b1cd09f/lupa-2.8-cp312-abi3-musllinux_1_2_aarch64.whl", hash = "sha256:54cff414f21f8cd8c6be4aae52541f3b9cd39602b59e3a3db9b5c9f9f674ff18", size = 1856038, upload-time = "2026-04-15T20:06:09.358Z" },
    { url = "https://files.pythonhosted.org/packages/e9/f9/37ad9d2773d30f2931890d310a4bdce28d45484206e6f48bc18b0325eabd/lupa-2.8-cp312-abi3-musllinux_1_2_armv7l.whl", hash = "sha256:24b4d8af5558e549b70daf1547f5c1c1d664ecea9fc790f83efe5d75e9a93797", size = 1128982, upload-time = "2026-04-15T20:06:12.312Z" },
    { url = "https://files.pythonhosted.org/packages/57/31/c0fd7984c24844ea79caa45c0235f61a06b38fd69a839f6c62770f8d684a/lupa-2.8-cp312-abi3-musllinux_1_2_i686.whl", hash = "sha256:ce86dff1ee7f7cf45f5622065ae991949dd7bb1703581cbc58a630137bb7ccf9", size = 1457594, upload-time = "2026-04-15T20:06:15.881Z" },
    { url = "https://files.pythonhosted.org/packages/11/f5/a28e411be30ec1bf0db1eb0c087eebc73be9e7a1adcfe6ac209861ccc446/lupa-2.8-cp312-abi3-musllinux_1_2_ppc64le.whl", hash = "sha256:f4d01b2a08c70bbb883a9e082b6b36b89121ed5910b710f1ba11c73295ff4fba", size = 1425721, upload-time = "2026-04-15T20:06:18.009Z" },
    { url = "https://files.pythonhosted.org/packages/ed/c1/359f767c4ae024be30d909fe8a9f0e9af266bad47ce2bd2ed248fb986fcf/lupa-2.8-cp312-abi3-musllinux_1_2_riscv64.whl", hash = "sha256:7f210d5a8353e510ea1199c42cf3cbdd630553bf2bc8fb4c00fea06fdec7c798", size = 1253258, upload-time = "2026-04-15T20:06:21.17Z" },
    { url = "https://files.pythonhosted.org/packages/17/52/473f11790c261fd02bbf318a546fe040e9ec9f677181272fa78d3b4112a4/lupa-2.8-cp312-abi3-musllinux_1_2_x86_64.whl", hash = "sha256:4f81a02806e7c7ad26d8c6fa222c8bef1b0c1b124347c879be880b41339d41e4", size = 2395272, upload-time = "2026-04-15T20:06:24.137Z" },
    { url = "https://files.pythonhosted.org/packages/94/bf/75c8795655a8836eab6a11a630352c4b7c5dc5c54d075077bc9bffdeee45/lupa-2.8-cp312-abi3-win32.whl", hash = "sha256:360056453a7a4eaa4ac5a204c31a5a014b1eb2ee5490603234d2ba831684f1f2", size = 1606136, upload-time = "2026-04-15T20:06:27.815Z" },
    { url = "https://files.pythonhosted.org/packages/d8/29/11a2cdd612b6f55e506292dfb6ba343216e80a693e7fe3f876ef204ce9c6/lupa-2.8-cp312-abi3-win_arm64.whl", hash = "sha256:1628371c6592a6d5650497a9e31fb2bb3a7e9883c1f301d1111265e484045af9", size = 1364495, upload-time = "2026-04-15T20:06:30.254Z" },
    { url = "https://files.pythonhosted.org/packages/4d/17/fa834b6b09ad17e7df5d0f7715d64877a125a3776ada689751a1f9dc2959/lupa-2.8-cp312-cp312-macosx_11_0_arm64.whl", hash = "sha256:450650f91c48c2415b0d59ab3abfcfda3b6efb5b858205f4d4bda8ad141fa529", size = 1190111, upload-time = "2026-04-15T20:06:32.84Z" },
    { url = "https://files.pythonhosted.org/packages/ab/43/45589901b7d1a0e3a9d91d19a311fb6a56924e8571536c3f2212160fd953/lupa-2.8-cp312-cp312-manylinux2014_aarch64.manylinux_2_17_aarch64.manylinux_2_28_aarch64.whl", hash = "sha256:27044f3363047f946b3d3aab9157cbd172b3538ada9ec1baef43432bf7d03a78", size = 1812999, upload-time = "2026-04-15T20:06:35.664Z" },
    { url = "https://files.pythonhosted.org/packages/a1/ac/4ade7d15ff5c61758d7943ac6f0a496bf1cc65b6c09f842b52a0702e664c/lupa-2.8-cp312-cp312-manylinux2014_x86_64.manylinux_2_17_x86_64.manylinux_2_28_x86_64.whl", hash = "sha256:8cf4f064a0e5531afce2d7d750120c10c10f9529139af6ca6150d13151034398", size = 2368731, upload-time = "2026-04-15T20:06:37.959Z" },
    { url = "https://files.pythonhosted.org/packages/0c/27/05f950d15b8ab120b39c43588b438ff3ace70c1b1b0225a960393a497483/lupa-2.8-cp312-cp312-win_amd64.whl", hash = "sha256:281bedc5deb92d31e649a3552edd662449365a635904fa4d5cb4509c7245e34e", size = 1941809, upload-time = "2026-04-15T20:06:40.302Z" },
    { url = "https://files.pythonhosted.org/packages/a6/3f/19f83c3a0c84dc8bea8a58e7416dca6a3ede662c33c8d1ec758e5afc754a/lupa-2.8-cp313-cp313-macosx_11_0_arm64.whl", hash = "sha256:45fc9da0145ecb0083ef5ff9975116cc784bd0258bdc2bd131ba15483ce18398", size = 1201203, upload-time = "2026-04-15T20:06:42.169Z" },
    { url = "https://files.pythonhosted.org/packages/89/0f/a14f0073f09610158038582e230618a48c14da6bd88185289461aa4cb854/lupa-2.8-cp313-cp313-manylinux2014_aarch64.manylinux_2_17_aarch64.manylinux_2_28_aarch64.whl", hash = "sha256:58e18afed57955b41130e269c78f53d4123ab86e236b53816f4cbffa25cb5d30", size = 1806210, upload-time = "2026-04-15T20:06:45.486Z" },
    { url = "https://files.pythonhosted.org/packages/2f/14/48fff156c63a136001a7620878af7d31aa07e66b495ed621e3eddd73c294/lupa-2.8-cp313-cp313-manylinux2014_x86_64.manylinux_2_17_x86_64.manylinux_2_28_x86_64.whl", hash = "sha256:fc47f536ac13a79cef47d29a2b205576a22841f042a2bcec1676b95806e7706a", size = 2359005, upload-time = "2026-04-15T20:06:47.819Z" },
    { url = "https://files.pythonhosted.org/packages/fe/18/3ac638ec90edf178242b8a2b2f00f8adae694248c03a26341ef941bb746e/lupa-2.8-cp313-cp313-win_amd64.whl", hash = "sha256:ce9404c661dbac65cc9bed351ad45e797af93d30d70be309a3fa8209ac86d93b", size = 1936754, upload-time = "2026-04-15T20:06:50.448Z" },
    { url = "https://files.pythonhosted.org/packages/b0/ef/5ee5fed6ea7459a671196359ce04bfeeaf26be1dac8ff24bf28e5c7a6e81/lupa-2.8-cp314-cp314-macosx_11_0_arm64.whl", hash = "sha256:348c3f8ecabb6324dcbc05c2740d762ef8fcec7b06c79e45262ab97a217684e3", size = 1209388, upload-time = "2026-04-15T20:06:53.022Z" },
    { url = "https://files.pythonhosted.org/packages/6e/b1/67a940d5542cb0384b443fe951b5a83ea9340d1333a733a258fdd1c619ba/lupa-2.8-cp314-cp314-manylinux2014_aarch64.manylinux_2_17_aarch64.manylinux_2_28_aarch64.whl", hash = "sha256:951496471056061598a7d1729a6cdf48d662fec777a9f2d8aa5a1e62fd30e5a5", size = 1826821, upload-time = "2026-04-15T20:06:55.699Z" },
    { url = "https://files.pythonhosted.org/packages/a1/a2/b354e5ba3b911ec50686003dc8897e892b9e8c5c036b33219b03d54c4daf/lupa-2.8-cp314-cp314-manylinux2014_x86_64.manylinux_2_17_x86_64.manylinux_2_28_x86_64.whl", hash = "sha256:a591b9947ca347b41a63370e121d6e2b1458fe6dde9ae065029ec10a37f25ff4", size = 2366893, upload-time = "2026-04-15T20:06:58.9Z" },
    { url = "https://files.pythonhosted.org/packages/8e/52/d76066401f29539df5352f70ecded66576f32933b6045cd0bfc56cb770b9/lupa-2.8-cp314-cp314-win_amd64.whl", hash = "sha256:3903c9cf628dae2f56405503247b77a61a3a61bd2dda470e336950c74776d55d", size = 1994716, upload-time = "2026-04-15T20:07:19.194Z" },
    { url = "https://files.pythonhosted.org/packages/c3/bd/3efc437a4361c16d25e66478c50357c9a8e8ecfb718fe749eb9ca3176ef6/lupa-2.8-cp314-cp314t-macosx_11_0_arm64.whl", hash = "sha256:f711a8ab0486b9ac6fdda94a22ddcfbc9f0d4a27e3a8cf1bf79c6e48b33017c1", size = 1251217, upload-time = "2026-04-15T20:07:01.64Z" },
    { url = "https://files.pythonhosted.org/packages/ea/f4/2e9f8ecbaca854bfdf14af8a9b505ec0cbc640377b3b218921594b7563cd/lupa-2.8-cp314-cp314t-manylinux2014_aarch64.manylinux_2_17_aarch64.manylinux_2_28_aarch64.whl", hash = "sha256:dc51250e76367a3e27fcd01dc769b9bfcbbc34f48df48dde53d6af6e75b7eaa5", size = 1814701, upload-time = "2026-04-15T20:07:04.149Z" },
    { url = "https://files.pythonhosted.org/packages/ba/53/4000b1acaa8b1f3827fcff0cfcdff44d3befddda42cab7e685a49689b5a1/lupa-2.8-cp314-cp314t-manylinux2014_x86_64.manylinux_2_17_x86_64.manylinux_2_28_x86_64.whl", hash = "sha256:f8a22088a552828958603323f0a5c4b3e11e03b75d0bf4c965ef879de9b60a8d", size = 2348414, upload-time = "2026-04-15T20:07:07.285Z" },
    { url = "https://files.pythonhosted.org/packages/d5/78/26ee48d3890cddf03cefb65f433e3492759c0b3c0582180755bddbaab7bd/lupa-2.8-cp314-cp314t-win32.whl", hash = "sha256:4f7c553c1d8cfffbe85d81daef730d12cae4b6002d457542914da0ac8a1145b3", size = 1831611, upload-time = "2026-04-15T20:07:09.752Z" },
    { url = "https://files.pythonhosted.org/packages/3c/d1/4a5cc64a3cad22821ae4c3f7a90456a08ca19457d8354f4abf46ad03c7e8/lupa-2.8-cp314-cp314t-win_amd64.whl", hash = "sha256:d8766aff03a78c80ad2d188a8bdb216de5ec838359cd87e05bbdfa56394a6105", size = 2209250, upload-time = "2026-04-15T20:07:11.906Z" },
    { url = "https://files.pythonhosted.org/packages/37/7c/cdcb654daf668192aaf36b0aeb94f2281dad092aaa5003688691131736ea/lupa-2.8-cp314-cp314t-win_arm64.whl", hash = "sha256:91d622777febda3ab1bed1d45295f2f32a4680c7b3d7caf8c669998ed5c44118", size = 1126735, upload-time = "2026-04-15T20:07:15.434Z" },
    { url = "https://files.pythonhosted.org/packages/1d/44/de1961ad38e17cd326a53c246c7e3b91178ed578f4cf22ffcd5e7e11b041/lupa-2.8-cp39-abi3-macosx_10_9_x86_64.whl", hash = "sha256:b036738282a5acd2e71fdddb317c9df8b87c1673aa57f403d05fcc2be8abc4ba", size = 1186020, upload-time = "2026-04-15T20:07:35.017Z" },
    { url = "https://files.pythonhosted.org/packages/13/c2/276f0b9dc8bcc5a8a58af5316dfa0e6f56be3613dd6dbcc8d3d2cb6559ba/lupa-2.8-cp39-abi3-manylinux2010_i686.manylinux_2_12_i686.manylinux_2_28_i686.whl", hash = "sha256:ac6b6e8d0e617e26a98cbb44880bcd75de5d32b3ad7b3b3793583909292b47ed", size = 1468944, upload-time = "2026-04-15T20:07:37.782Z" },
    { url = "https://files.pythonhosted.org/packages/63/38/52934e52a5180dc6425d20284d004fe4b27a4f9171a82dc99fb67af250bf/lupa-2.8-cp39-abi3-manylinux2014_armv7l.manylinux_2_17_armv7l.manylinux_2_31_armv7l.whl", hash = "sha256:ba3a7dd839f90c3d2e53bebe3c192b1f3f9fd720a6781256405123211fd0dce6", size = 1172998, upload-time = "2026-04-15T20:07:40.812Z" },
    { url = "https://files.pythonhosted.org/packages/c7/82/76b3809bd0839d9b3b4ec58d06591e08f17337b6d9576877cb9d48b34e94/lupa-2.8-cp39-abi3-manylinux2014_ppc64le.manylinux_2_17_ppc64le.manylinux_2_28_ppc64le.whl", hash = "sha256:d7edb13a7a5250b5c6c22d1495d9e842b5c9fc5081c8fe6b5efe2112fe3e41f9", size = 1449975, upload-time = "2026-04-15T20:07:44.262Z" },
    { url = "https://files.pythonhosted.org/packages/16/07/2f89d54f747c67c23b4b9ae4aa8c8dd06bb409155dedcf406157f2736b66/lupa-2.8-cp39-abi3-manylinux_2_34_riscv64.manylinux_2_39_riscv64.whl", hash = "sha256:891f72e0bffbed1e4175f975aeb2a083956586a100066525e1be485f617f7b25", size = 1281944, upload-time = "2026-04-15T20:07:46.458Z" },
    { url = "https://files.pythonhosted.org/packages/e7/bd/7375d2b0fcae79d806baf52a76f26c96964593f58e1372d13ae5ac09c676/lupa-2.8-cp39-abi3-musllinux_1_2_aarch64.whl", hash = "sha256:a295f87b5b7ebbfd5191932e8cb0e51df3c7769101ac6b6c7d7c9fb27bfd1307", size = 1910455, upload-time = "2026-04-15T20:07:49.75Z" },
    { url = "https://files.pythonhosted.org/packages/8b/0c/8abb3bc0e08b311fc01db05b6e9f9ff31a8f65e4fc3f0aeb05cfef75c8ac/lupa-2.8-cp39-abi3-musllinux_1_2_armv7l.whl", hash = "sha256:4fe5d7a810b64ea8511eb885fc8cdde042ee5ff7b7d08ae78f32449756acb177", size = 1155548, upload-time = "2026-04-15T20:07:52.657Z" },
    { url = "https://files.pythonhosted.org/packages/80/2e/9eeecd3f493099721c1d3f31beeca23a4237db1a54223684df4dc96aa1bd/lupa-2.8-cp39-abi3-musllinux_1_2_i686.whl", hash = "sha256:bfc470012ef66ad064c7bd77416af03a3452ef630b04b9012595ea13f2e54518", size = 1489232, upload-time = "2026-04-15T20:07:54.92Z" },
    { url = "https://files.pythonhosted.org/packages/c3/13/731c99dc2e7652ae818a6de45bdf0142049f7cb566049061c898355f1891/lupa-2.8-cp39-abi3-musllinux_1_2_ppc64le.whl", hash = "sha256:250e035fdaffe8c87093e3ebc206ac29a26131b1568ea711d780c26001ce96e7", size = 1466321, upload-time = "2026-04-15T20:07:57.627Z" },
    { url = "https://files.pythonhosted.org/packages/de/71/3ad8cc4fc05a77dc0d3f7079348bd1cad4675a0d14c24f8e6a3ce5f008f7/lupa-2.8-cp39-abi3-musllinux_1_2_riscv64.whl", hash = "sha256:b9bddb09acfffb4f828f790f444b11dc0cca591afea1a244d9329eea2d20c003", size = 1288577, upload-time = "2026-04-15T20:07:59.913Z" },
    { url = "https://files.pythonhosted.org/packages/d8/b2/1175f6d0aa7b68627fbe2f58bd1e8bea36a89d10dfd67671d2b024c96162/lupa-2.8-cp39-abi3-musllinux_1_2_x86_64.whl", hash = "sha256:2e64acbbd47e9b82a64405a39e0d2b36a5a7dad8ab41c0f3437f572f7d282ba3", size = 2444866, upload-time = "2026-04-15T20:08:02.753Z" },
]

[[package]]
name = "packaging"
version = "26.3"
source = { registry = "https://pypi.org/simple" }
sdist = { url = "https://files.pythonhosted.org/packages/7d/fa/3944b40b07da9ce895c0e6303a5ab7d53da063554f534556b134a54d6093/packaging-26.3.tar.gz", hash = "sha256:94edc256424af38762eb31306eed28beb9f0efc50a8837492c9d6fd6004aed79", size = 313412, upload-time = "2026-08-04T18:15:28.737Z" }
wheels = [
    { url = "https://files.pythonhosted.org/packages/63/34/ba1c580383c9eada3711951fef0795c80b829a078d72188184bcab9dd527/packaging-26.3-py3-none-any.whl", hash = "sha256:d7193f7c8e4e93f444fde0262bf90af30e16fa0ad0ad44cb553c87339b23cd1c", size = 129956, upload-time = "2026-08-04T18:15:27.159Z" },
]

[[package]]
name = "pluggy"
version = "1.6.0"
source = { registry = "https://pypi.org/simple" }
sdist = { url = "https://files.pythonhosted.org/packages/f9/e2/3e91f31a7d2b083fe6ef3fa267035b518369d9511ffab804f839851d2779/pluggy-1.6.0.tar.gz", hash = "sha256:7dcc130b76258d33b90f61b658791dede3486c3e6bfb003ee5c9bfb396dd22f3", size = 69412, upload-time = "2025-05-15T12:30:07.975Z" }
wheels = [
    { url = "https://files.pythonhosted.org/packages/54/20/4d324d65cc6d9205fabedc306948156824eb9f0ee1633355a8f7ec5c66bf/pluggy-1.6.0-py3-none-any.whl", hash = "sha256:e920276dd6813095e9377c0bc5566d94c932c33b27a3e3945d8389c374dd4746", size = 20538, upload-time = "2025-05-15T12:30:06.134Z" },
]

[[package]]
name = "prek"
version = "0.2.30"
source = { registry = "https://pypi.org/simple" }
sdist = { url = "https://files.pythonhosted.org/packages/51/87/2ad90e933c59676b8ce373a643ba5c58e96d4626f08a796af07607a4e827/prek-0.2.30.tar.gz", hash = "sha256:e421b7854eb2228c060b40e7282c4ce4c9889f41062351bc34f55472af2a608c", size = 291247, upload-time = "2026-01-18T13:23:15.171Z" }
wheels = [
    { url = "https://files.pythonhosted.org/packages/52/1a/8dcd4580106190be9c313a72a15e309d41176fc4b6414167fba638bcee75/prek-0.2.30-py3-none-linux_armv6l.whl", hash = "sha256:50b25003fa94c0df6cd6683714ac0c6122e4f3d18ae6a487333823ec812b57d4", size = 4260268, upload-time = "2026-01-18T13:22:59.295Z" },
    { url = "https://files.pythonhosted.org/packages/2c/d0/0b9d524d409c5b1b7466f32217cb809b997613a0d0b319caab0ceb1f664b/prek-0.2.30-py3-none-macosx_10_12_x86_64.whl", hash = "sha256:e69842fec298fc065dd2428e33a50bcd124d7ac22fc4d91c442b963450d5b14d", size = 4269718, upload-time = "2026-01-18T13:22:55.575Z" },
    { url = "https://files.pythonhosted.org/packages/04/55/8e9ff2ff742174e49e2df5a14108f5997498662ff31ade35529ecea1812c/prek-0.2.30-py3-none-macosx_11_0_arm64.whl", hash = "sha256:910a370b718a128ef91e5f93baa76eeef205ac448774c491838f36511e95ce64", size = 3924968, upload-time = "2026-01-18T13:23:00.968Z" },
    { url = "https://files.pythonhosted.org/packages/2e/db/a130a32ae8c3de89efe20d11ec8d0730cd80319f0f9ca673ef4e5c8685b2/prek-0.2.30-py3-none-manylinux_2_17_aarch64.manylinux2014_aarch64.musllinux_1_1_aarch64.whl", hash = "sha256:5f9d50e0d95e5b7908299a59d6aee903ca422a032e2d9e0b5ba73c5a2911f469", size = 4254573, upload-time = "2026-01-18T13:23:09.713Z" },
    { url = "https://files.pythonhosted.org/packages/a5/ab/3b64dcf919c82bbac75c5cc8800932f3bfd2be33a60f0345b708b78b56aa/prek-0.2.30-py3-none-manylinux_2_17_armv7l.manylinux2014_armv7l.whl", hash = "sha256:801df0ecef3c3303dd1b5abe14edfe704b305c5bdca0b272bb3e317dbe3d29af", size = 4183080, upload-time = "2026-01-18T13:22:48.028Z" },
    { url = "https://files.pythonhosted.org/packages/a5/6d/4acdb306901d3b9e9c4da88b033264e5eed3b53f43a8111df25cd843f127/prek-0.2.30-py3-none-manylinux_2_17_i686.manylinux2014_i686.whl", hash = "sha256:03154e56a6956179e916ec3f564835af7a304473235fe837c3e504df1aa462c2", size = 4436996, upload-time = "2026-01-18T13:22:52.109Z" },
    { url = "https://files.pythonhosted.org/packages/c3/80/50e0e03dbfe93dbe94a79f1026e9c24eacd4a7228b27f650a2ee43ce4387/prek-0.2.30-py3-none-manylinux_2_17_s390x.manylinux2014_s390x.whl", hash = "sha256:77923501a247f94a93e272c3bacbfb7a4347aff3c57a4edb928624ddb8c65eb7", size = 4970022, upload-time = "2026-01-18T13:23:13.297Z" },
    { url = "https://files.pythonhosted.org/packages/52/4f/c9cda78678275ce1bfa97c3ef6d9ad23ef1dac2cd2d4660ad277bbcd4ab2/prek-0.2.30-py3-none-manylinux_2_17_x86_64.manylinux2014_x86_64.whl", hash = "sha256:cea2e2b1825f3e1d979492eed6d69f21d3e13cb4157212034badd01521b77b1d", size = 4494648, upload-time = "2026-01-18T13:23:08.08Z" },
    { url = "https://files.pythonhosted.org/packages/38/78/14bbe113362702bb0dd34cdb8244f0b1bc37e7482592381a8cec4d725fc5/prek-0.2.30-py3-none-manylinux_2_28_aarch64.whl", hash = "sha256:77cb9c9218a5479e10e33449dec52886c6991f7b5dd5abb9c20856c1a1fae66a", size = 4268486, upload-time = "2026-01-18T13:22:57.762Z" },
    { url = "https://files.pythonhosted.org/packages/52/17/78182dc4c4e4eed952558085b21046414c1b21e800a157d4a6f94d20bd1a/prek-0.2.30-py3-none-manylinux_2_31_riscv64.whl", hash = "sha256:c480dcbf459ea0dcf70f9d9f9f3709c11cbda06f81526b2e36430fa260ecf747", size = 4285924, upload-time = "2026-01-18T13:23:02.503Z" },
    { url = "https://files.pythonhosted.org/packages/8a/2d/ec39a4570dad4984f671a940df6078f97bb4fd993b32914358a0ed7b311a/prek-0.2.30-py3-none-musllinux_1_1_armv7l.whl", hash = "sha256:bdc5ae31543e77acf7d78fa51bf4f5cb870628856230763bc5173895ad84d327", size = 4161904, upload-time = "2026-01-18T13:23:16.397Z" },
    { url = "https://files.pythonhosted.org/packages/0f/63/e0488a50dbbeff2cf0b789d503f6425b9fd3fb3bd95e128634ee38a51f96/prek-0.2.30-py3-none-musllinux_1_1_i686.whl", hash = "sha256:859f870c823ecf1f5b28353e6ab53ae35bca2ee959c58a50a2e0100172fc2439", size = 4313514, upload-time = "2026-01-18T13:22:53.994Z" },
    { url = "https://files.pythonhosted.org/packages/cc/b4/e5fcb3d4e0275ccdb7d45494c8f628925ac05314b859ec74035ae487131a/prek-0.2.30-py3-none-musllinux_1_1_x86_64.whl", hash = "sha256:c086ae69d106abbfcb7f4b91c70e5cdf982d4485970b75b0057302b46f1708e2", size = 4599592, upload-time = "2026-01-18T13:22:50.483Z" },
    { url = "https://files.pythonhosted.org/packages/33/2e/fb615b3026c96d10c0734fc2cb972b204e8fa52947e28f5e0eb6c24a0bd0/prek-0.2.30-py3-none-win32.whl", hash = "sha256:589c6277429424ce6e5a2e669c183efa55afb9adc9f1916a34c74211a63c7a35", size = 3888524, upload-time = "2026-01-18T13:23:04.005Z" },
    { url = "https://files.pythonhosted.org/packages/eb/b4/e1dc3447af01ad12956bd17185f21a874eb1b86787fb573e577fe4d602d6/prek-0.2.30-py3-none-win_amd64.whl", hash = "sha256:b651f0b392d92d6091c3fc5adb2b1a3819311a15e92bf3eb084cb8fd5df40272", size = 4237521, upload-time = "2026-01-18T13:23:06.42Z" },
    { url = "https://files.pythonhosted.org/packages/93/ec/8150b29e7e00a9fbb70c67f35188fb8c95f1c46481427f57a30c200365f9/prek-0.2.30-py3-none-win_arm64.whl", hash = "sha256:75cd54c05d1941f1f3c12a2f4365d9429a700ad8c442ece03266b217b403941b", size = 3992917, upload-time = "2026-01-18T13:23:11.594Z" },
]

[[package]]
name = "pygments"
version = "2.21.0"
source = { registry = "https://pypi.org/simple" }
sdist = { url = "https://files.pythonhosted.org/packages/49/2e/ced460408999b33da6b31b0021b0f37d329e202d4169aeb164493778f25b/pygments-2.21.0.tar.gz", hash = "sha256:610ca751c9bc2492b38eb9a38a7fbc93edbbb2d7182edaf34e66ae493dee5c8c", size = 5005329, upload-time = "2026-08-17T08:02:48.824Z" }
wheels = [
    { url = "https://files.pythonhosted.org/packages/71/46/17f022dd3e953bf20a04a028a21ec746d942f8d2af30fa0f124fa0e6a684/pygments-2.21.0-py3-none-any.whl", hash = "sha256:2363c69b61c4a97c838da3b130dcd6468f4848992b21a82f2a63ec34377137d9", size = 1250147, upload-time = "2026-08-17T08:02:44.912Z" },
]

[[package]]
name = "pytest"
version = "9.1.1"
source = { registry = "https://pypi.org/simple" }
dependencies = [
    { name = "colorama", marker = "sys_platform == 'win32'" },
    { name = "iniconfig" },
    { name = "packaging" },
    { name = "pluggy" },
    { name = "pygments" },
]
sdist = { url = "https://files.pythonhosted.org/packages/e4/47/b9efed96c114afcfa3c9d3fe98a76a1d14c74a9e266d397cf6eb64be5e01/pytest-9.1.1.tar.gz", hash = "sha256:1088fbde8f2b49d95a549a195707afa7a76a3ce9bcadc26b6d71f0ffda5fe313", size = 1636369, upload-time = "2026-06-19T10:58:32.857Z" }
wheels = [
    { url = "https://files.pythonhosted.org/packages/24/25/1de2678b631f5a49215c6c96fff41ba892b0a34df68d6d80292b1b48aa7f/pytest-9.1.1-py3-none-any.whl", hash = "sha256:37a86b45efb9a47a61a36449063e8e18d0cab3161329fc099eb21783169c4f0c", size = 386536, upload-time = "2026-06-19T10:58:31.347Z" },
]

[[package]]
name = "ruff"
version = "0.16.3"
source = { registry = "https://pypi.org/simple" }
sdist = { url = "https://files.pythonhosted.org/packages/61/b3/3213589383f8f1b3938781bd1278713f6d18621a14992b3e81fefb8a5ef9/ruff-0.16.3.tar.gz", hash = "sha256:e76d33a347661a84b5be6d043d0347fdc745dfdcf825a8f4fed64b5e26eebdf2", size = 4891904, upload-time = "2026-08-13T15:17:13.381Z" }
wheels = [
    { url = "https://files.pythonhosted.org/packages/bf/96/493770daebd68c0a67f1549fdf519f53be51fc435186c0585bcc272fd76c/ruff-0.16.3-py3-none-linux_armv6l.whl", hash = "sha256:0c5710e247a58a4521e66e124ba9a74655b414f61ba3a2e9e3811e11098f48f7", size = 10902799, upload-time = "2026-08-13T15:16:27.382Z" },
    { url = "https://files.pythonhosted.org/packages/5e/e6/2becf3942fddc29a29b8df47691d456fb1085391a694f74d84513251418c/ruff-0.16.3-py3-none-macosx_10_12_x86_64.whl", hash = "sha256:fe155130631a2471fd2e14a7a664a4dfbd7194b8229c3d7b2a40b21178639081", size = 11135539, upload-time = "2026-08-13T15:16:30.87Z" },
    { url = "https://files.pythonhosted.org/packages/3e/1e/4b8b72f0d006dbf19326aa99f9ca0ee2ff374187c4d301cf529a51aa06fe/ruff-0.16.3-py3-none-macosx_11_0_arm64.whl", hash = "sha256:e2ed719e14aa64d895c2ee922594a90a43c861a93f0575a95ff8c47cdbd13eb9", size = 10475095, upload-time = "2026-08-13T15:16:33.259Z" },
    { url = "https://files.pythonhosted.org/packages/92/32/2201fa49ba1f6c101ee321e83f051ac7a4b8d07b0ef6b4d3f2772b302275/ruff-0.16.3-py3-none-manylinux_2_17_aarch64.manylinux2014_aarch64.whl", hash = "sha256:9e0b1da805eb043654645d74d5de1e5ce2edc686e40790d2b86f56d71cc06a84", size = 10668771, upload-time = "2026-08-13T15:16:35.65Z" },
    { url = "https://files.pythonhosted.org/packages/c3/66/4afc5c8363bd04d45effce1b7c8713ca037d7a6740b7451a2403a6e3a972/ruff-0.16.3-py3-none-manylinux_2_17_armv7l.manylinux2014_armv7l.whl", hash = "sha256:a37bdea0bbe21780f590bf437d6412c8c4e1b6cd010f91a65c2c40c5e5f5f870", size = 10699568, upload-time = "2026-08-13T15:16:38.195Z" },
    { url = "https://files.pythonhosted.org/packages/53/fd/c67d246bf36bf1698551c56de39e95cd07f70e64433e0098e6267d77061b/ruff-0.16.3-py3-none-manylinux_2_17_i686.manylinux2014_i686.whl", hash = "sha256:09571e6d1288ed9be475207a3ac04ada404f1cd898104be0f6ab8d7df438575b", size = 11499365, upload-time = "2026-08-13T15:16:40.623Z" },
    { url = "https://files.pythonhosted.org/packages/67/0b/00ecbceb99a263af7b12f6f05ac3c92bc47b905e91adc3f207a836e3bc01/ruff-0.16.3-py3-none-manylinux_2_17_ppc64le.manylinux2014_ppc64le.whl", hash = "sha256:2c18c5a101eb540010638cc1ff3c84944d3adb3df62b8d98ca8f22ba484d3413", size = 12311728, upload-time = "2026-08-13T15:16:43.564Z" },
    { url = "https://files.pythonhosted.org/packages/54/b2/b7b3bb54f4d3f7db504e476ad4ab8de530dceebe2c061384b2757ee419e8/ruff-0.16.3-py3-none-manylinux_2_17_s390x.manylinux2014_s390x.whl", hash = "sha256:8457c44f15033c85ddbb77b15d451df9e24e4bd03b628396dd3610cedc3b8f82", size = 11699896, upload-time = "2026-08-13T15:16:46.209Z" },
    { url = "https://files.pythonhosted.org/packages/c7/30/4c468429ac195addc5ee1b717b6ab1b66632786737ca3b2ed3443fb0c26a/ruff-0.16.3-py3-none-manylinux_2_17_x86_64.manylinux2014_x86_64.whl", hash = "sha256:294b95c4ae0cda9388525c2047778aa758d6b8d4bb876fd4e9eaa3ebc92343eb", size = 11058736, upload-time = "2026-08-13T15:16:48.823Z" },
    { url = "https://files.pythonhosted.org/packages/43/67/7a113cdaddf24b64d7f75b1242a99d04c82fcef4f6921fdbb832beaffb5f/ruff-0.16.3-py3-none-manylinux_2_31_riscv64.whl", hash = "sha256:3d0c7c40c87c2a820509c31ba007968da6e1306468c067b2d82fbfdbcd0e8474", size = 11586911, upload-time = "2026-08-13T15:16:51.913Z" },
    { url = "https://files.pythonhosted.org/packages/f1/c1/2e66f24c0f3ead25a5e660111778685e505e5da353c82802bf49f0cbe7b9/ruff-0.16.3-py3-none-musllinux_1_2_aarch64.whl", hash = "sha256:9f738c0fdfa8eed0b2ce7fb27ee7258208a92a68d7949e62aa15164bc7b389da", size = 10954265, upload-time = "2026-08-13T15:16:54.763Z" },
    { url = "https://files.pythonhosted.org/packages/c2/ba/4cee23bf52cba9a058d3726de623624daf50ef9638868edd86f4126157f6/ruff-0.16.3-py3-none-musllinux_1_2_armv7l.whl", hash = "sha256:fb785f0be25abe69d320415cd4f833b59e17ba7613d9ba6a958023b6bceb0a50", size = 10709886, upload-time = "2026-08-13T15:16:57.339Z" },
    { url = "https://files.pythonhosted.org/packages/82/df/7da7194fa5d9dc0a285f7e6fa5a4722e7c63faac0b45b614ded9314363a1/ruff-0.16.3-py3-none-musllinux_1_2_i686.whl", hash = "sha256:c5536e3acfbf9563085aa2be7b13c629c3077e902afc5b941ac44024dbb9f506", size = 11210392, upload-time = "2026-08-13T15:17:00.171Z" },
    { url = "https://files.pythonhosted.org/packages/35/85/7795f6e817af050e7517bf3e7aa9b061cce70ef33d280aad902c956c1ecf/ruff-0.16.3-py3-none-musllinux_1_2_x86_64.whl", hash = "sha256:a2d85c02f9b8e165d85e6779184d38c4132de12603dab59c51c28e22584f9e4d", size = 11626910, upload-time = "2026-08-13T15:17:03.299Z" },
    { url = "https://files.pythonhosted.org/packages/78/9b/475b927cf27a5cbbda3c7bafb69ed6ff77e1d7923d5d85f17c2749d7ae32/ruff-0.16.3-py3-none-win32.whl", hash = "sha256:388cdf2166642bd9b13d52b5932d3170f34f8abed7e8d9a855f1d84b83645a0a", size = 10931415, upload-time = "2026-08-13T15:17:05.726Z" },
    { url = "https://files.pythonhosted.org/packages/b2/99/e2a2bfc4fbf0a1e8a916bc9ebe6fe6c58cc34c28e0ffc6ce281d572d1c2e/ruff-0.16.3-py3-none-win_amd64.whl", hash = "sha256:e80a7d69ca2a6d1c4d352ec91458cdca6e56c83cdbcabd93e4abe1e53591d948", size = 11445993, upload-time = "2026-08-13T15:17:08.353Z" },
    { url = "https://files.pythonhosted.org/packages/69/3e/4132e539aed78c148854d4997a2685b0ed4dc4e87110b59ce528564e184e/ruff-0.16.3-py3-none-win_arm64.whl", hash = "sha256:b8ca152da82c1acc1fa8d5874b15951935f0eef46f10e6954c83859011b6178a", size = 11399302, upload-time = "2026-08-13T15:17:10.908Z" },
]
